
Microsoft Visual Studio Solution File, Format Version 12.00
# Visual Studio 15
VisualStudioVersion = 15.0.27703.2018
MinimumVisualStudioVersion = 10.0.40219.1
Project("{FAE04EC0-301F-11D3-BF4B-00C04F79EFBC}") = "Library Functions", "Library Functions\Library Functions.csproj", "{111270CA-BB3D-443F-BDF0-2842D0AE15AA}"
EndProject
Project("{FAE04EC0-301F-11D3-BF4B-00C04F79EFBC}") = "Задача 1", "Задача 1\Задача 1.csproj", "{C7329284-5C8B-4FC9-8C10-543EFAF3B0FA}"
EndProject
Project("{FAE04EC0-301F-11D3-BF4B-00C04F79EFBC}") = "Задача 2", "Задача 2\Задача 2.csproj", "{8F727173-E636-4F82-B0A6-3CAC743B9C05}"
EndProject
Project("{FAE04EC0-301F-11D3-BF4B-00C04F79EFBC}") = "Задача 3", "Задача 3\Задача 3.csproj", "{B51EBE53-DB17-416E-87D4-625F40D3AE00}"
EndProject
Project("{FAE04EC0-301F-11D3-BF4B-00C04F79EFBC}") = "Задача 4", "Задача 4\Задача 4.csproj", "{ED16B498-6CBA-4DAB-973F-CEF990BFFD83}"
EndProject
Project("{FAE04EC0-301F-11D3-BF4B-00C04F79EFBC}") = "Задача 5", "Задача 5\Задача 5.csproj", "{FE675E9C-2EE8-4407-BCE5-51EBC98A0868}"
EndProject
Project("{FAE04EC0-301F-11D3-BF4B-00C04F79EFBC}") = "Задача 6", "Задача 6\Задача 6.csproj", "{3E03A960-CCC9-4463-87D7-2AD693B56B87}"
EndProject
Project("{FAE04EC0-301F-11D3-BF4B-00C04F79EFBC}") = "Задача 7", "Задача 7\Задача 7.csproj", "{B5F3B2B3-3914-47CD-AB42-34CA48C30153}"
EndProject
Project("{FAE04EC0-301F-11D3-BF4B-00C04F79EFBC}") = "Задача 8", "Задача 8\Задача 8.csproj", "{C12AA27D-0EC0-4448-A699-48DA9E2DC705}"
EndProject
Project("{FAE04EC0-301F-11D3-BF4B-00C04F79EFBC}") = "Задача 9", "Задача 9\Задача 9.csproj", "{D509641A-A243-49F0-8B77-BBB366C45C2A}"
EndProject
Project("{FAE04EC0-301F-11D3-BF4B-00C04F79EFBC}") = "Задача 10", "Задача 10\Задача 10.csproj", "{3FFEBE9B-8EE9-4377-951B-38FD26E88255}"
EndProject
Global
	GlobalSection(SolutionConfigurationPlatforms) = preSolution
		Debug|Any CPU = Debug|Any CPU
		Release|Any CPU = Release|Any CPU
	EndGlobalSection
	GlobalSection(ProjectConfigurationPlatforms) = postSolution
		{111270CA-BB3D-443F-BDF0-2842D0AE15AA}.Debug|Any CPU.ActiveCfg = Debug|Any CPU
		{111270CA-BB3D-443F-BDF0-2842D0AE15AA}.Debug|Any CPU.Build.0 = Debug|Any CPU
		{111270CA-BB3D-443F-BDF0-2842D0AE15AA}.Release|Any CPU.ActiveCfg = Release|Any CPU
		{111270CA-BB3D-443F-BDF0-2842D0AE15AA}.Release|Any CPU.Build.0 = Release|Any CPU
		{C7329284-5C8B-4FC9-8C10-543EFAF3B0FA}.Debug|Any CPU.ActiveCfg = Debug|Any CPU
		{C7329284-5C8B-4FC9-8C10-543EFAF3B0FA}.Debug|Any CPU.Build.0 = Debug|Any CPU
		{C7329284-5C8B-4FC9-8C10-543EFAF3B0FA}.Release|Any CPU.ActiveCfg = Release|Any CPU
		{C7329284-5C8B-4FC9-8C10-543EFAF3B0FA}.Release|Any CPU.Build.0 = Release|Any CPU
		{8F727173-E636-4F82-B0A6-3CAC743B9C05}.Debug|Any CPU.ActiveCfg = Debug|Any CPU
		{8F727173-E636-4F82-B0A6-3CAC743B9C05}.Debug|Any CPU.Build.0 = Debug|Any CPU
		{8F727173-E636-4F82-B0A6-3CAC743B9C05}.Release|Any CPU.ActiveCfg = Release|Any CPU
		{8F727173-E636-4F82-B0A6-3CAC743B9C05}.Release|Any CPU.Build.0 = Release|Any CPU
		{B51EBE53-DB17-416E-87D4-625F40D3AE00}.Debug|Any CPU.ActiveCfg = Debug|Any CPU
		{B51EBE53-DB17-416E-87D4-625F40D3AE00}.Debug|Any CPU.Build.0 = Debug|Any CPU
		{B51EBE53-DB17-416E-87D4-625F40D3AE00}.Release|Any CPU.ActiveCfg = Release|Any CPU
		{B51EBE53-DB17-416E-87D4-625F40D3AE00}.Release|Any CPU.Build.0 = Release|Any CPU
		{ED16B498-6CBA-4DAB-973F-CEF990BFFD83}.Debug|Any CPU.ActiveCfg = Debug|Any CPU
		{ED16B498-6CBA-4DAB-973F-CEF990BFFD83}.Debug|Any CPU.Build.0 = Debug|Any CPU
		{ED16B498-6CBA-4DAB-973F-CEF990BFFD83}.Release|Any CPU.ActiveCfg = Release|Any CPU
		{ED16B498-6CBA-4DAB-973F-CEF990BFFD83}.Release|Any CPU.Build.0 = Release|Any CPU
		{FE675E9C-2EE8-4407-BCE5-51EBC98A0868}.Debug|Any CPU.ActiveCfg = Debug|Any CPU
		{FE675E9C-2EE8-4407-BCE5-51EBC98A0868}.Debug|Any CPU.Build.0 = Debug|Any CPU
		{FE675E9C-2EE8-4407-BCE5-51EBC98A0868}.Release|Any CPU.ActiveCfg = Release|Any CPU
		{FE675E9C-2EE8-4407-BCE5-51EBC98A0868}.Release|Any CPU.Build.0 = Release|Any CPU
		{3E03A960-CCC9-4463-87D7-2AD693B56B87}.Debug|Any CPU.ActiveCfg = Debug|Any CPU
		{3E03A960-CCC9-4463-87D7-2AD693B56B87}.Debug|Any CPU.Build.0 = Debug|Any CPU
		{3E03A960-CCC9-4463-87D7-2AD693B56B87}.Release|Any CPU.ActiveCfg = Release|Any CPU
		{3E03A960-CCC9-4463-87D7-2AD693B56B87}.Release|Any CPU.Build.0 = Release|Any CPU
		{B5F3B2B3-3914-47CD-AB42-34CA48C30153}.Debug|Any CPU.ActiveCfg = Debug|Any CPU
		{B5F3B2B3-3914-47CD-AB42-34CA48C30153}.Debug|Any CPU.Build.0 = Debug|Any CPU
		{B5F3B2B3-3914-47CD-AB42-34CA48C30153}.Release|Any CPU.ActiveCfg = Release|Any CPU
		{B5F3B2B3-3914-47CD-AB42-34CA48C30153}.Release|Any CPU.Build.0 = Release|Any CPU
		{C12AA27D-0EC0-4448-A699-48DA9E2DC705}.Debug|Any CPU.ActiveCfg = Debug|Any CPU
		{C12AA27D-0EC0-4448-A699-48DA9E2DC705}.Debug|Any CPU.Build.0 = Debug|Any CPU
		{C12AA27D-0EC0-4448-A699-48DA9E2DC705}.Release|Any CPU.ActiveCfg = Release|Any CPU
		{C12AA27D-0EC0-4448-A699-48DA9E2DC705}.Release|Any CPU.Build.0 = Release|Any CPU
		{D509641A-A243-49F0-8B77-BBB366C45C2A}.Debug|Any CPU.ActiveCfg = Debug|Any CPU
		{D509641A-A243-49F0-8B77-BBB366C45C2A}.Debug|Any CPU.Build.0 = Debug|Any CPU
		{D509641A-A243-49F0-8B77-BBB366C45C2A}.Release|Any CPU.ActiveCfg = Release|Any CPU
		{D509641A-A243-49F0-8B77-BBB366C45C2A}.Release|Any CPU.Build.0 = Release|Any CPU
		{3FFEBE9B-8EE9-4377-951B-38FD26E88255}.Debug|Any CPU.ActiveCfg = Debug|Any CPU
		{3FFEBE9B-8EE9-4377-951B-38FD26E88255}.Debug|Any CPU.Build.0 = Debug|Any CPU
		{3FFEBE9B-8EE9-4377-951B-38FD26E88255}.Release|Any CPU.ActiveCfg = Release|Any CPU
		{3FFEBE9B-8EE9-4377-951B-38FD26E88255}.Release|Any CPU.Build.0 = Release|Any CPU
	EndGlobalSection
	GlobalSection(SolutionProperties) = preSolution
		HideSolutionNode = FALSE
	EndGlobalSection
	GlobalSection(ExtensibilityGlobals) = postSolution
		SolutionGuid = {0087F27E-76A4-4118-A133-13F873DB7442}
	EndGlobalSection
EndGlobal
